// !$*UTF8*$!
{
	archiveVersion = 1;
	classes = {
	};
	objectVersion = 50;
	objects = {

/* Begin PBXBuildFile section */
		0C47316A25B38E1400E02BBE /* StudyAppApp.swift in Sources */ = {isa = PBXBuildFile; fileRef = 0C47316925B38E1400E02BBE /* StudyAppApp.swift */; };
		0C47316C25B38E1400E02BBE /* ContentView.swift in Sources */ = {isa = PBXBuildFile; fileRef = 0C47316B25B38E1400E02BBE /* ContentView.swift */; };
		0C47316E25B38E1500E02BBE /* Assets.xcassets in Resources */ = {isa = PBXBuildFile; fileRef = 0C47316D25B38E1500E02BBE /* Assets.xcassets */; };
		0C47317125B38E1500E02BBE /* Preview Assets.xcassets in Resources */ = {isa = PBXBuildFile; fileRef = 0C47317025B38E1500E02BBE /* Preview Assets.xcassets */; };
		0C47317A25B4AFD600E02BBE /* TimerView.swift in Sources */ = {isa = PBXBuildFile; fileRef = 0C47317925B4AFD600E02BBE /* TimerView.swift */; };
		0C47317D25B4AFF700E02BBE /* CalendarView.swift in Sources */ = {isa = PBXBuildFile; fileRef = 0C47317C25B4AFF700E02BBE /* CalendarView.swift */; };
		0C47318025B4B00700E02BBE /* ProfileView.swift in Sources */ = {isa = PBXBuildFile; fileRef = 0C47317F25B4B00700E02BBE /* ProfileView.swift */; };
		0C47318325B91C4400E02BBE /* Timer.swift in Sources */ = {isa = PBXBuildFile; fileRef = 0C47318225B91C4400E02BBE /* Timer.swift */; };
		0C47318625B91D9C00E02BBE /* SetTimerView.swift in Sources */ = {isa = PBXBuildFile; fileRef = 0C47318525B91D9C00E02BBE /* SetTimerView.swift */; };
		0C47318A25C0FD3D00E02BBE /* SpotifyiOS.framework in Frameworks */ = {isa = PBXBuildFile; fileRef = 0C47318925C0FD3D00E02BBE /* SpotifyiOS.framework */; };
		0C6EDB5125CA3A6A00F2D0C6 /* ImageProgressView.swift in Sources */ = {isa = PBXBuildFile; fileRef = 0C6EDB5025CA3A6A00F2D0C6 /* ImageProgressView.swift */; };
		0CC3F4AF2663E56000C52829 /* SpotifyController.swift in Sources */ = {isa = PBXBuildFile; fileRef = 0CC3F4AE2663E56000C52829 /* SpotifyController.swift */; };
/* End PBXBuildFile section */

/* Begin PBXFileReference section */
		0C47316625B38E1400E02BBE /* StudyApp.app */ = {isa = PBXFileReference; explicitFileType = wrapper.application; includeInIndex = 0; path = StudyApp.app; sourceTree = BUILT_PRODUCTS_DIR; };
		0C47316925B38E1400E02BBE /* StudyAppApp.swift */ = {isa = PBXFileReference; lastKnownFileType = sourcecode.swift; path = StudyAppApp.swift; sourceTree = "<group>"; };
		0C47316B25B38E1400E02BBE /* ContentView.swift */ = {isa = PBXFileReference; lastKnownFileType = sourcecode.swift; path = ContentView.swift; sourceTree = "<group>"; };
		0C47316D25B38E1500E02BBE /* Assets.xcassets */ = {isa = PBXFileReference; lastKnownFileType = folder.assetcatalog; path = Assets.xcassets; sourceTree = "<group>"; };
		0C47317025B38E1500E02BBE /* Preview Assets.xcassets */ = {isa = PBXFileReference; lastKnownFileType = folder.assetcatalog; path = "Preview Assets.xcassets"; sourceTree = "<group>"; };
		0C47317225B38E1500E02BBE /* Info.plist */ = {isa = PBXFileReference; lastKnownFileType = text.plist.xml; path = Info.plist; sourceTree = "<group>"; };
		0C47317925B4AFD600E02BBE /* TimerView.swift */ = {isa = PBXFileReference; lastKnownFileType = sourcecode.swift; path = TimerView.swift; sourceTree = "<group>"; };
		0C47317C25B4AFF700E02BBE /* CalendarView.swift */ = {isa = PBXFileReference; lastKnownFileType = sourcecode.swift; path = CalendarView.swift; sourceTree = "<group>"; };
		0C47317F25B4B00700E02BBE /* ProfileView.swift */ = {isa = PBXFileReference; lastKnownFileType = sourcecode.swift; path = ProfileView.swift; sourceTree = "<group>"; };
		0C47318225B91C4400E02BBE /* Timer.swift */ = {isa = PBXFileReference; lastKnownFileType = sourcecode.swift; path = Timer.swift; sourceTree = "<group>"; };
		0C47318525B91D9C00E02BBE /* SetTimerView.swift */ = {isa = PBXFileReference; lastKnownFileType = sourcecode.swift; path = SetTimerView.swift; sourceTree = "<group>"; };
		0C47318925C0FD3D00E02BBE /* SpotifyiOS.framework */ = {isa = PBXFileReference; lastKnownFileType = wrapper.framework; path = SpotifyiOS.framework; sourceTree = "<group>"; };
		0C47319D25C10DDA00E02BBE /* StudyApp-Bridging-Header.h */ = {isa = PBXFileReference; lastKnownFileType = sourcecode.c.h; path = "StudyApp-Bridging-Header.h"; sourceTree = "<group>"; };
		0C6EDB5025CA3A6A00F2D0C6 /* ImageProgressView.swift */ = {isa = PBXFileReference; lastKnownFileType = sourcecode.swift; path = ImageProgressView.swift; sourceTree = "<group>"; };
		0CC3F4AE2663E56000C52829 /* SpotifyController.swift */ = {isa = PBXFileReference; lastKnownFileType = sourcecode.swift; path = SpotifyController.swift; sourceTree = "<group>"; };
/* End PBXFileReference section */

/* Begin PBXFrameworksBuildPhase section */
		0C47316325B38E1400E02BBE /* Frameworks */ = {
			isa = PBXFrameworksBuildPhase;
			buildActionMask = 2147483647;
			files = (
				0C47318A25C0FD3D00E02BBE /* SpotifyiOS.framework in Frameworks */,
			);
			runOnlyForDeploymentPostprocessing = 0;
		};
/* End PBXFrameworksBuildPhase section */

/* Begin PBXGroup section */
		0C47315D25B38E1400E02BBE = {
			isa = PBXGroup;
			children = (
				0C47319D25C10DDA00E02BBE /* StudyApp-Bridging-Header.h */,
				0C47318825C0FCEC00E02BBE /* Frameworks */,
				0C47316825B38E1400E02BBE /* StudyApp */,
				0C47316725B38E1400E02BBE /* Products */,
			);
			sourceTree = "<group>";
		};
		0C47316725B38E1400E02BBE /* Products */ = {
			isa = PBXGroup;
			children = (
				0C47316625B38E1400E02BBE /* StudyApp.app */,
			);
			name = Products;
			sourceTree = "<group>";
		};
		0C47316825B38E1400E02BBE /* StudyApp */ = {
			isa = PBXGroup;
			children = (
				0C47316925B38E1400E02BBE /* StudyAppApp.swift */,
				0C47316B25B38E1400E02BBE /* ContentView.swift */,
				0C47316D25B38E1500E02BBE /* Assets.xcassets */,
				0C47317225B38E1500E02BBE /* Info.plist */,
				0C47316F25B38E1500E02BBE /* Preview Content */,
				0C47317925B4AFD600E02BBE /* TimerView.swift */,
				0C47317C25B4AFF700E02BBE /* CalendarView.swift */,
				0C47317F25B4B00700E02BBE /* ProfileView.swift */,
				0C47318225B91C4400E02BBE /* Timer.swift */,
				0C47318525B91D9C00E02BBE /* SetTimerView.swift */,
				0C6EDB5025CA3A6A00F2D0C6 /* ImageProgressView.swift */,
				0CC3F4AE2663E56000C52829 /* SpotifyController.swift */,
			);
			path = StudyApp;
			sourceTree = "<group>";
		};
		0C47316F25B38E1500E02BBE /* Preview Content */ = {
			isa = PBXGroup;
			children = (
				0C47317025B38E1500E02BBE /* Preview Assets.xcassets */,
			);
			path = "Preview Content";
			sourceTree = "<group>";
		};
		0C47318825C0FCEC00E02BBE /* Frameworks */ = {
			isa = PBXGroup;
			children = (
				0C47318925C0FD3D00E02BBE /* SpotifyiOS.framework */,
			);
			path = Frameworks;
			sourceTree = "<group>";
		};
/* End PBXGroup section */

/* Begin PBXNativeTarget section */
		0C47316525B38E1400E02BBE /* StudyApp */ = {
			isa = PBXNativeTarget;
			buildConfigurationList = 0C47317525B38E1500E02BBE /* Build configuration list for PBXNativeTarget "StudyApp" */;
			buildPhases = (
				0C47316225B38E1400E02BBE /* Sources */,
				0C47316325B38E1400E02BBE /* Frameworks */,
				0C47316425B38E1400E02BBE /* Resources */,
			);
			buildRules = (
			);
			dependencies = (
			);
			name = StudyApp;
			productName = StudyApp;
			productReference = 0C47316625B38E1400E02BBE /* StudyApp.app */;
			productType = "com.apple.product-type.application";
		};
/* End PBXNativeTarget section */

/* Begin PBXProject section */
		0C47315E25B38E1400E02BBE /* Project object */ = {
			isa = PBXProject;
			attributes = {
				LastSwiftUpdateCheck = 1230;
				LastUpgradeCheck = 1230;
				TargetAttributes = {
					0C47316525B38E1400E02BBE = {
						CreatedOnToolsVersion = 12.3;
						LastSwiftMigration = 1230;
					};
				};
			};
			buildConfigurationList = 0C47316125B38E1400E02BBE /* Build configuration list for PBXProject "StudyApp" */;
			compatibilityVersion = "Xcode 9.3";
			developmentRegion = en;
			hasScannedForEncodings = 0;
			knownRegions = (
				en,
				Base,
			);
			mainGroup = 0C47315D25B38E1400E02BBE;
			productRefGroup = 0C47316725B38E1400E02BBE /* Products */;
			projectDirPath = "";
			projectRoot = "";
			targets = (
				0C47316525B38E1400E02BBE /* StudyApp */,
			);
		};
/* End PBXProject section */

/* Begin PBXResourcesBuildPhase section */
		0C47316425B38E1400E02BBE /* Resources */ = {
			isa = PBXResourcesBuildPhase;
			buildActionMask = 2147483647;
			files = (
				0C47317125B38E1500E02BBE /* Preview Assets.xcassets in Resources */,
				0C47316E25B38E1500E02BBE /* Assets.xcassets in Resources */,
			);
			runOnlyForDeploymentPostprocessing = 0;
		};
/* End PBXResourcesBuildPhase section */

/* Begin PBXSourcesBuildPhase section */
		0C47316225B38E1400E02BBE /* Sources */ = {
			isa = PBXSourcesBuildPhase;
			buildActionMask = 2147483647;
			files = (
				0C6EDB5125CA3A6A00F2D0C6 /* ImageProgressView.swift in Sources */,
				0C47317A25B4AFD600E02BBE /* TimerView.swift in Sources */,
				0C47318625B91D9C00E02BBE /* SetTimerView.swift in Sources */,
				0C47316C25B38E1400E02BBE /* ContentView.swift in Sources */,
				0CC3F4AF2663E56000C52829 /* SpotifyController.swift in Sources */,
				0C47318025B4B00700E02BBE /* ProfileView.swift in Sources */,
				0C47318325B91C4400E02BBE /* Timer.swift in Sources */,
				0C47317D25B4AFF700E02BBE /* CalendarView.swift in Sources */,
				0C47316A25B38E1400E02BBE /* StudyAppApp.swift in Sources */,
			);
			runOnlyForDeploymentPostprocessing = 0;
		};
/* End PBXSourcesBuildPhase section */

/* Begin XCBuildConfiguration section */
		0C47317325B38E1500E02BBE /* Debug */ = {
			isa = XCBuildConfiguration;
			buildSettings = {
				ALWAYS_SEARCH_USER_PATHS = NO;
				CLANG_ANALYZER_NONNULL = YES;
				CLANG_ANALYZER_NUMBER_OBJECT_CONVERSION = YES_AGGRESSIVE;
				CLANG_CXX_LANGUAGE_STANDARD = "gnu++14";
				CLANG_CXX_LIBRARY = "libc++";
				CLANG_ENABLE_MODULES = YES;
				CLANG_ENABLE_OBJC_ARC = YES;
				CLANG_ENABLE_OBJC_WEAK = YES;
				CLANG_WARN_BLOCK_CAPTURE_AUTORELEASING = YES;
				CLANG_WARN_BOOL_CONVERSION = YES;
				CLANG_WARN_COMMA = YES;
				CLANG_WARN_CONSTANT_CONVERSION = YES;
				CLANG_WARN_DEPRECATED_OBJC_IMPLEMENTATIONS = YES;
				CLANG_WARN_DIRECT_OBJC_ISA_USAGE = YES_ERROR;
				CLANG_WARN_DOCUMENTATION_COMMENTS = YES;
				CLANG_WARN_EMPTY_BODY = YES;
				CLANG_WARN_ENUM_CONVERSION = YES;
				CLANG_WARN_INFINITE_RECURSION = YES;
				CLANG_WARN_INT_CONVERSION = YES;
				CLANG_WARN_NON_LITERAL_NULL_CONVERSION = YES;
				CLANG_WARN_OBJC_IMPLICIT_RETAIN_SELF = YES;
				CLANG_WARN_OBJC_LITERAL_CONVERSION = YES;
				CLANG_WARN_OBJC_ROOT_CLASS = YES_ERROR;
				CLANG_WARN_QUOTED_INCLUDE_IN_FRAMEWORK_HEADER = YES;
				CLANG_WARN_RANGE_LOOP_ANALYSIS = YES;
				CLANG_WARN_STRICT_PROTOTYPES = YES;
				CLANG_WARN_SUSPICIOUS_MOVE = YES;
				CLANG_WARN_UNGUARDED_AVAILABILITY = YES_AGGRESSIVE;
				CLANG_WARN_UNREACHABLE_CODE = YES;
				CLANG_WARN__DUPLICATE_METHOD_MATCH = YES;
				COPY_PHASE_STRIP = NO;
				DEBUG_INFORMATION_FORMAT = dwarf;
				ENABLE_STRICT_OBJC_MSGSEND = YES;
				ENABLE_TESTABILITY = YES;
				GCC_C_LANGUAGE_STANDARD = gnu11;
				GCC_DYNAMIC_NO_PIC = NO;
				GCC_NO_COMMON_BLOCKS = YES;
				GCC_OPTIMIZATION_LEVEL = 0;
				GCC_PREPROCESSOR_DEFINITIONS = (
					"DEBUG=1",
					"$(inherited)",
				);
				GCC_WARN_64_TO_32_BIT_CONVERSION = YES;
				GCC_WARN_ABOUT_RETURN_TYPE = YES_ERROR;
				GCC_WARN_UNDECLARED_SELECTOR = YES;
				GCC_WARN_UNINITIALIZED_AUTOS = YES_AGGRESSIVE;
				GCC_WARN_UNUSED_FUNCTION = YES;
				GCC_WARN_UNUSED_VARIABLE = YES;
				IPHONEOS_DEPLOYMENT_TARGET = 14.3;
				MTL_ENABLE_DEBUG_INFO = INCLUDE_SOURCE;
				MTL_FAST_MATH = YES;
				ONLY_ACTIVE_ARCH = YES;
				SDKROOT = iphoneos;
				SWIFT_ACTIVE_COMPILATION_CONDITIONS = DEBUG;
				SWIFT_OPTIMIZATION_LEVEL = "-Onone";
			};
			name = Debug;
		};
		0C47317425B38E1500E02BBE /* Release */ = {
			isa = XCBuildConfiguration;
			buildSettings = {
				ALWAYS_SEARCH_USER_PATHS = NO;
				CLANG_ANALYZER_NONNULL = YES;
				CLANG_ANALYZER_NUMBER_OBJECT_CONVERSION = YES_AGGRESSIVE;
				CLANG_CXX_LANGUAGE_STANDARD = "gnu++14";
				CLANG_CXX_LIBRARY = "libc++";
				CLANG_ENABLE_MODULES = YES;
				CLANG_ENABLE_OBJC_ARC = YES;
				CLANG_ENABLE_OBJC_WEAK = YES;
				CLANG_WARN_BLOCK_CAPTURE_AUTORELEASING = YES;
				CLANG_WARN_BOOL_CONVERSION = YES;
				CLANG_WARN_COMMA = YES;
				CLANG_WARN_CONSTANT_CONVERSION = YES;
				CLANG_WARN_DEPRECATED_OBJC_IMPLEMENTATIONS = YES;
				CLANG_WARN_DIRECT_OBJC_ISA_USAGE = YES_ERROR;
				CLANG_WARN_DOCUMENTATION_COMMENTS = YES;
				CLANG_WARN_EMPTY_BODY = YES;
				CLANG_WARN_ENUM_CONVERSION = YES;
				CLANG_WARN_INFINITE_RECURSION = YES;
				CLANG_WARN_INT_CONVERSION = YES;
				CLANG_WARN_NON_LITERAL_NULL_CONVERSION = YES;
				CLANG_WARN_OBJC_IMPLICIT_RETAIN_SELF = YES;
				CLANG_WARN_OBJC_LITERAL_CONVERSION = YES;
				CLANG_WARN_OBJC_ROOT_CLASS = YES_ERROR;
				CLANG_WARN_QUOTED_INCLUDE_IN_FRAMEWORK_HEADER = YES;
				CLANG_WARN_RANGE_LOOP_ANALYSIS = YES;
				CLANG_WARN_STRICT_PROTOTYPES = YES;
				CLANG_WARN_SUSPICIOUS_MOVE = YES;
				CLANG_WARN_UNGUARDED_AVAILABILITY = YES_AGGRESSIVE;
				CLANG_WARN_UNREACHABLE_CODE = YES;
				CLANG_WARN__DUPLICATE_METHOD_MATCH = YES;
				COPY_PHASE_STRIP = NO;
				DEBUG_INFORMATION_FORMAT = "dwarf-with-dsym";
				ENABLE_NS_ASSERTIONS = NO;
				ENABLE_STRICT_OBJC_MSGSEND = YES;
				GCC_C_LANGUAGE_STANDARD = gnu11;
				GCC_NO_COMMON_BLOCKS = YES;
				GCC_WARN_64_TO_32_BIT_CONVERSION = YES;
				GCC_WARN_ABOUT_RETURN_TYPE = YES_ERROR;
				GCC_WARN_UNDECLARED_SELECTOR = YES;
				GCC_WARN_UNINITIALIZED_AUTOS = YES_AGGRESSIVE;
				GCC_WARN_UNUSED_FUNCTION = YES;
				GCC_WARN_UNUSED_VARIABLE = YES;
				IPHONEOS_DEPLOYMENT_TARGET = 14.3;
				MTL_ENABLE_DEBUG_INFO = NO;
				MTL_FAST_MATH = YES;
				SDKROOT = iphoneos;
				SWIFT_COMPILATION_MODE = wholemodule;
				SWIFT_OPTIMIZATION_LEVEL = "-O";
				VALIDATE_PRODUCT = YES;
			};
			name = Release;
		};
		0C47317625B38E1500E02BBE /* Debug */ = {
			isa = XCBuildConfiguration;
			buildSettings = {
				ASSETCATALOG_COMPILER_APPICON_NAME = AppIcon;
				ASSETCATALOG_COMPILER_GLOBAL_ACCENT_COLOR_NAME = AccentColor;
				CLANG_ENABLE_MODULES = YES;
				CODE_SIGN_IDENTITY = "Apple Development";
				CODE_SIGN_STYLE = Automatic;
				DEVELOPMENT_ASSET_PATHS = "\"StudyApp/Preview Content\"";
				DEVELOPMENT_TEAM = 78DUD35Y2F;
				ENABLE_PREVIEWS = YES;
				FRAMEWORK_SEARCH_PATHS = (
					"$(inherited)",
					"$(PROJECT_DIR)/Frameworks",
				);
				INFOPLIST_FILE = StudyApp/Info.plist;
				IPHONEOS_DEPLOYMENT_TARGET = 14.0;
				LD_RUNPATH_SEARCH_PATHS = (
					"$(inherited)",
					"@executable_path/Frameworks",
				);
				"OTHER_LDFLAGS[arch=*]" = "-ObjC";
				PRODUCT_BUNDLE_IDENTIFIER = com.aina.tutorials.StudyApp;
				PRODUCT_NAME = "$(TARGET_NAME)";
				PROVISIONING_PROFILE_SPECIFIER = "";
				SWIFT_OBJC_BRIDGING_HEADER = "StudyApp-Bridging-Header.h";
				"SWIFT_OBJC_BRIDGING_HEADER[arch=*]" = "StudyApp-Bridging-Header.h";
				SWIFT_OPTIMIZATION_LEVEL = "-Onone";
				SWIFT_VERSION = 5.0;
				TARGETED_DEVICE_FAMILY = "1,2";
			};
			name = Debug;
		};
		0C47317725B38E1500E02BBE /* Release */ = {
			isa = XCBuildConfiguration;
			buildSettings = {
				ASSETCATALOG_COMPILER_APPICON_NAME = AppIcon;
				ASSETCATALOG_COMPILER_GLOBAL_ACCENT_COLOR_NAME = AccentColor;
				CLANG_ENABLE_MODULES = YES;
				CODE_SIGN_IDENTITY = "Apple Development";
				CODE_SIGN_STYLE = Automatic;
				DEVELOPMENT_ASSET_PATHS = "\"StudyApp/Preview Content\"";
				DEVELOPMENT_TEAM = 78DUD35Y2F;
				ENABLE_PREVIEWS = YES;
				FRAMEWORK_SEARCH_PATHS = (
					"$(inherited)",
					"$(PROJECT_DIR)/Frameworks",
				);
				INFOPLIST_FILE = StudyApp/Info.plist;
				IPHONEOS_DEPLOYMENT_TARGET = 14.0;
				LD_RUNPATH_SEARCH_PATHS = (
					"$(inherited)",
					"@executable_path/Frameworks",
				);
				"OTHER_LDFLAGS[arch=*]" = "-ObjC";
				PRODUCT_BUNDLE_IDENTIFIER = com.aina.tutorials.StudyApp;
				PRODUCT_NAME = "$(TARGET_NAME)";
				PROVISIONING_PROFILE_SPECIFIER = "";
				SWIFT_OBJC_BRIDGING_HEADER = "StudyApp-Bridging-Header.h";
				"SWIFT_OBJC_BRIDGING_HEADER[arch=*]" = "StudyApp-Bridging-Header.h";
				SWIFT_VERSION = 5.0;
				TARGETED_DEVICE_FAMILY = "1,2";
			};
			name = Release;
		};
/* End XCBuildConfiguration section */

/* Begin XCConfigurationList section */
		0C47316125B38E1400E02BBE /* Build configuration list for PBXProject "StudyApp" */ = {
			isa = XCConfigurationList;
			buildConfigurations = (
				0C47317325B38E1500E02BBE /* Debug */,
				0C47317425B38E1500E02BBE /* Release */,
			);
			defaultConfigurationIsVisible = 0;
			defaultConfigurationName = Release;
		};
		0C47317525B38E1500E02BBE /* Build configuration list for PBXNativeTarget "StudyApp" */ = {
			isa = XCConfigurationList;
			buildConfigurations = (
				0C47317625B38E1500E02BBE /* Debug */,
				0C47317725B38E1500E02BBE /* Release */,
			);
			defaultConfigurationIsVisible = 0;
			defaultConfigurationName = Release;
		};
/* End XCConfigurationList section */
	};
	rootObject = 0C47315E25B38E1400E02BBE /* Project object */;
}
